
Microsoft Visual Studio Solution File, Format Version 12.00
# Visual Studio 15
VisualStudioVersion = 15.0.28307.438
MinimumVisualStudioVersion = 10.0.40219.1
Project("{FAE04EC0-301F-11D3-BF4B-00C04F79EFBC}") = "Tic-Tac-Toe", "Tic-Tac-Toe\Tic-Tac-Toe.csproj", "{9760CAD2-C494-4540-9B29-610146FC08F9}"
EndProject
Global
	GlobalSection(SolutionConfigurationPlatforms) = preSolution
		Debug|Any CPU = Debug|Any CPU
		Release|Any CPU = Release|Any CPU
	EndGlobalSection
	GlobalSection(ProjectConfigurationPlatforms) = postSolution
		{9760CAD2-C494-4540-9B29-610146FC08F9}.Debug|Any CPU.ActiveCfg = Debug|Any CPU
		{9760CAD2-C494-4540-9B29-610146FC08F9}.Debug|Any CPU.Build.0 = Debug|Any CPU
		{9760CAD2-C494-4540-9B29-610146FC08F9}.Release|Any CPU.ActiveCfg = Release|Any CPU
		{9760CAD2-C494-4540-9B29-610146FC08F9}.Release|Any CPU.Build.0 = Release|Any CPU
	EndGlobalSection
	GlobalSection(SolutionProperties) = preSolution
		HideSolutionNode = FALSE
	EndGlobalSection
	GlobalSection(ExtensibilityGlobals) = postSolution
		SolutionGuid = {B117518A-A0C5-4ED1-8D68-D8113399E687}
	EndGlobalSection
EndGlobal
